
Microsoft Visual Studio Solution File, Format Version 12.00
# Visual Studio Version 16
VisualStudioVersion = 16.0.808.5
MinimumVisualStudioVersion = 10.0.40219.1
Project("{FAE04EC0-301F-11D3-BF4B-00C04F79EFBC}") = "Lambda.CE.NetSuite.Search", "Lambda.CE.NetSuite.Search.csproj", "{36A7807A-2376-4B1E-9AC9-46562F0DECCB}"
EndProject
Global
	GlobalSection(SolutionConfigurationPlatforms) = preSolution
		Debug|Any CPU = Debug|Any CPU
		Release|Any CPU = Release|Any CPU
	EndGlobalSection
	GlobalSection(ProjectConfigurationPlatforms) = postSolution
		{36A7807A-2376-4B1E-9AC9-46562F0DECCB}.Debug|Any CPU.ActiveCfg = Debug|Any CPU
		{36A7807A-2376-4B1E-9AC9-46562F0DECCB}.Debug|Any CPU.Build.0 = Debug|Any CPU
		{36A7807A-2376-4B1E-9AC9-46562F0DECCB}.Release|Any CPU.ActiveCfg = Release|Any CPU
		{36A7807A-2376-4B1E-9AC9-46562F0DECCB}.Release|Any CPU.Build.0 = Release|Any CPU
	EndGlobalSection
	GlobalSection(SolutionProperties) = preSolution
		HideSolutionNode = FALSE
	EndGlobalSection
	GlobalSection(ExtensibilityGlobals) = postSolution
		SolutionGuid = {2A90FFF2-1929-426C-9E9A-D86F55FE35D4}
	EndGlobalSection
EndGlobal
